// !$*UTF8*$!
{
	archiveVersion = 1;
	classes = {
	};
	objectVersion = 56;
	objects = {

/* Begin PBXBuildFile section */
		52021A772BAC3D2000E9D8F1 /* OutlineBackgroundView.swift in Sources */ = {isa = PBXBuildFile; fileRef = 52021A762BAC3D2000E9D8F1 /* OutlineBackgroundView.swift */; };
		5219E2B02D12324500F41D97 /* CellError.swift in Sources */ = {isa = PBXBuildFile; fileRef = 5219E2AF2D12324500F41D97 /* CellError.swift */; };
		5219E2B32D12371E00F41D97 /* HabitsViewController+Calendar.swift in Sources */ = {isa = PBXBuildFile; fileRef = 5219E2B22D12371300F41D97 /* HabitsViewController+Calendar.swift */; };
		5219E2B62D1237B300F41D97 /* HabitsViewController+UISetup.swift in Sources */ = {isa = PBXBuildFile; fileRef = 5219E2B52D1237B100F41D97 /* HabitsViewController+UISetup.swift */; };
		5232E9DA2D27B6F50069FD70 /* CustomPushAnimator.swift in Sources */ = {isa = PBXBuildFile; fileRef = 5232E9D92D27B6ED0069FD70 /* CustomPushAnimator.swift */; };
		523AF3B92CBFBDE900EEFA8A /* NewHabitViewController.swift in Sources */ = {isa = PBXBuildFile; fileRef = 523AF3B82CBFBDBD00EEFA8A /* NewHabitViewController.swift */; };
		523D41752C05FD3D00689F20 /* AddNewHabitView.swift in Sources */ = {isa = PBXBuildFile; fileRef = 523D41742C05FD3D00689F20 /* AddNewHabitView.swift */; };
		5241DDD22B8F61F000C7ECF0 /* HistoryViewConroller.swift in Sources */ = {isa = PBXBuildFile; fileRef = 5241DDD12B8F61F000C7ECF0 /* HistoryViewConroller.swift */; };
		5246C9762BC6C39D00BA7912 /* HabitsCell.swift in Sources */ = {isa = PBXBuildFile; fileRef = 5246C9752BC6C39D00BA7912 /* HabitsCell.swift */; };
		524FC7022D075071004C839F /* EmptyStateView.swift in Sources */ = {isa = PBXBuildFile; fileRef = 524FC7012D075063004C839F /* EmptyStateView.swift */; };
		5252109B2BFC7F04009DB3F7 /* DiaryWriteCell.swift in Sources */ = {isa = PBXBuildFile; fileRef = 5252109A2BFC7F04009DB3F7 /* DiaryWriteCell.swift */; };
		52652B8A2D2405DF00608550 /* NewHabitView+UISetup.swift in Sources */ = {isa = PBXBuildFile; fileRef = 52652B892D2405DE00608550 /* NewHabitView+UISetup.swift */; };
		52652B8C2D240BD200608550 /* NewHabitView+Validation.swift in Sources */ = {isa = PBXBuildFile; fileRef = 52652B8B2D240BD000608550 /* NewHabitView+Validation.swift */; };
		52652B8E2D240D2C00608550 /* NewHabitView+Actions.swift in Sources */ = {isa = PBXBuildFile; fileRef = 52652B8D2D240D2A00608550 /* NewHabitView+Actions.swift */; };
		52652B922D240EE900608550 /* NewHabitView+TextFieldDelegate.swift in Sources */ = {isa = PBXBuildFile; fileRef = 52652B912D240EE800608550 /* NewHabitView+TextFieldDelegate.swift */; };
		52652B942D240FC900608550 /* NewHabitView+Formatting.swift in Sources */ = {isa = PBXBuildFile; fileRef = 52652B932D240FC700608550 /* NewHabitView+Formatting.swift */; };
		52697D5E2D195361004B9D7E /* HabitsLayout.swift in Sources */ = {isa = PBXBuildFile; fileRef = 52697D5D2D19535F004B9D7E /* HabitsLayout.swift */; };
		52697D602D1957A9004B9D7E /* HabitsViewController+DataSourceDelegate.swift in Sources */ = {isa = PBXBuildFile; fileRef = 52697D5F2D1957A6004B9D7E /* HabitsViewController+DataSourceDelegate.swift */; };
		52697D642D195A97004B9D7E /* HabitsViewController+NewHabitDelegate.swift in Sources */ = {isa = PBXBuildFile; fileRef = 52697D632D195A95004B9D7E /* HabitsViewController+NewHabitDelegate.swift */; };
		52751BAD2D26ACEA008F84A8 /* ChangeHabitViewController.swift in Sources */ = {isa = PBXBuildFile; fileRef = 52751BAC2D26ACE2008F84A8 /* ChangeHabitViewController.swift */; };
		52923ECF2CF70F080088E54B /* HeaderDaysCollectionView.swift in Sources */ = {isa = PBXBuildFile; fileRef = 52923ECE2CF70F050088E54B /* HeaderDaysCollectionView.swift */; };
		52AB21F22D19AF51006C7DF9 /* UIComponents+Extensions.swift in Sources */ = {isa = PBXBuildFile; fileRef = 52AB21F12D19AF3D006C7DF9 /* UIComponents+Extensions.swift */; };
		52ACDD442CEF13CD00868730 /* AppStyle.swift in Sources */ = {isa = PBXBuildFile; fileRef = 52ACDD432CEF13CD00868730 /* AppStyle.swift */; };
		52C996A52D11EAC7000E7648 /* UICollectionView+Dequeuing.swift in Sources */ = {isa = PBXBuildFile; fileRef = 52C996A42D11EAC3000E7648 /* UICollectionView+Dequeuing.swift */; };
		52C996A72D11EAEE000E7648 /* SupplementaryViewError.swift in Sources */ = {isa = PBXBuildFile; fileRef = 52C996A62D11EAED000E7648 /* SupplementaryViewError.swift */; };
		52C996A92D11EB25000E7648 /* CustomElement.swift in Sources */ = {isa = PBXBuildFile; fileRef = 52C996A82D11EB23000E7648 /* CustomElement.swift */; };
		52F1E53A2B7CDC300058F767 /* AppDelegate.swift in Sources */ = {isa = PBXBuildFile; fileRef = 52F1E5392B7CDC300058F767 /* AppDelegate.swift */; };
		52F1E53C2B7CDC300058F767 /* SceneDelegate.swift in Sources */ = {isa = PBXBuildFile; fileRef = 52F1E53B2B7CDC300058F767 /* SceneDelegate.swift */; };
		52F1E53E2B7CDC300058F767 /* TabBarViewController.swift in Sources */ = {isa = PBXBuildFile; fileRef = 52F1E53D2B7CDC300058F767 /* TabBarViewController.swift */; };
		52F1E5432B7CDC330058F767 /* Assets.xcassets in Resources */ = {isa = PBXBuildFile; fileRef = 52F1E5422B7CDC330058F767 /* Assets.xcassets */; };
		52F1E5462B7CDC330058F767 /* LaunchScreen.storyboard in Resources */ = {isa = PBXBuildFile; fileRef = 52F1E5442B7CDC330058F767 /* LaunchScreen.storyboard */; };
		52F1E5512B7CDC330058F767 /* bebraveTests.swift in Sources */ = {isa = PBXBuildFile; fileRef = 52F1E5502B7CDC330058F767 /* bebraveTests.swift */; };
		52F1E55B2B7CDC330058F767 /* bebraveUITests.swift in Sources */ = {isa = PBXBuildFile; fileRef = 52F1E55A2B7CDC330058F767 /* bebraveUITests.swift */; };
		52F1E55D2B7CDC330058F767 /* bebraveUITestsLaunchTests.swift in Sources */ = {isa = PBXBuildFile; fileRef = 52F1E55C2B7CDC330058F767 /* bebraveUITestsLaunchTests.swift */; };
		52F1E56A2B7CE6330058F767 /* HabitsViewController.swift in Sources */ = {isa = PBXBuildFile; fileRef = 52F1E5692B7CE6330058F767 /* HabitsViewController.swift */; };
		52F1E56C2B7CE6B10058F767 /* DiaryViewController.swift in Sources */ = {isa = PBXBuildFile; fileRef = 52F1E56B2B7CE6B10058F767 /* DiaryViewController.swift */; };
		52F1E56E2B7CE6D10058F767 /* ProfileViewController.swift in Sources */ = {isa = PBXBuildFile; fileRef = 52F1E56D2B7CE6D10058F767 /* ProfileViewController.swift */; };
		52FBCF3A2CFF1677000206BC /* UserDefaultsManager.swift in Sources */ = {isa = PBXBuildFile; fileRef = 52FBCF392CFF1673000206BC /* UserDefaultsManager.swift */; };
/* End PBXBuildFile section */

/* Begin PBXContainerItemProxy section */
		52F1E54D2B7CDC330058F767 /* PBXContainerItemProxy */ = {
			isa = PBXContainerItemProxy;
			containerPortal = 52F1E52E2B7CDC300058F767 /* Project object */;
			proxyType = 1;
			remoteGlobalIDString = 52F1E5352B7CDC300058F767;
			remoteInfo = bebrave;
		};
		52F1E5572B7CDC330058F767 /* PBXContainerItemProxy */ = {
			isa = PBXContainerItemProxy;
			containerPortal = 52F1E52E2B7CDC300058F767 /* Project object */;
			proxyType = 1;
			remoteGlobalIDString = 52F1E5352B7CDC300058F767;
			remoteInfo = bebrave;
		};
/* End PBXContainerItemProxy section */

/* Begin PBXFileReference section */
		52021A762BAC3D2000E9D8F1 /* OutlineBackgroundView.swift */ = {isa = PBXFileReference; lastKnownFileType = sourcecode.swift; path = OutlineBackgroundView.swift; sourceTree = "<group>"; };
		521584B02BA320FC009F1B5A /* ru */ = {isa = PBXFileReference; lastKnownFileType = text.plist.strings; name = ru; path = ru.lproj/LaunchScreen.strings; sourceTree = "<group>"; };
		5219E2AF2D12324500F41D97 /* CellError.swift */ = {isa = PBXFileReference; lastKnownFileType = sourcecode.swift; path = CellError.swift; sourceTree = "<group>"; };
		5219E2B22D12371300F41D97 /* HabitsViewController+Calendar.swift */ = {isa = PBXFileReference; lastKnownFileType = sourcecode.swift; path = "HabitsViewController+Calendar.swift"; sourceTree = "<group>"; };
		5219E2B52D1237B100F41D97 /* HabitsViewController+UISetup.swift */ = {isa = PBXFileReference; lastKnownFileType = sourcecode.swift; path = "HabitsViewController+UISetup.swift"; sourceTree = "<group>"; };
		5232E9D92D27B6ED0069FD70 /* CustomPushAnimator.swift */ = {isa = PBXFileReference; lastKnownFileType = sourcecode.swift; path = CustomPushAnimator.swift; sourceTree = "<group>"; };
		523AF3B82CBFBDBD00EEFA8A /* NewHabitViewController.swift */ = {isa = PBXFileReference; lastKnownFileType = sourcecode.swift; path = NewHabitViewController.swift; sourceTree = "<group>"; };
		523D41742C05FD3D00689F20 /* AddNewHabitView.swift */ = {isa = PBXFileReference; lastKnownFileType = sourcecode.swift; path = AddNewHabitView.swift; sourceTree = "<group>"; };
		5241DDD12B8F61F000C7ECF0 /* HistoryViewConroller.swift */ = {isa = PBXFileReference; lastKnownFileType = sourcecode.swift; path = HistoryViewConroller.swift; sourceTree = "<group>"; };
		5246C9752BC6C39D00BA7912 /* HabitsCell.swift */ = {isa = PBXFileReference; lastKnownFileType = sourcecode.swift; path = HabitsCell.swift; sourceTree = "<group>"; };
		524FC7012D075063004C839F /* EmptyStateView.swift */ = {isa = PBXFileReference; lastKnownFileType = sourcecode.swift; path = EmptyStateView.swift; sourceTree = "<group>"; };
		5252109A2BFC7F04009DB3F7 /* DiaryWriteCell.swift */ = {isa = PBXFileReference; lastKnownFileType = sourcecode.swift; path = DiaryWriteCell.swift; sourceTree = "<group>"; };
		52652B892D2405DE00608550 /* NewHabitView+UISetup.swift */ = {isa = PBXFileReference; lastKnownFileType = sourcecode.swift; path = "NewHabitView+UISetup.swift"; sourceTree = "<group>"; };
		52652B8B2D240BD000608550 /* NewHabitView+Validation.swift */ = {isa = PBXFileReference; lastKnownFileType = sourcecode.swift; path = "NewHabitView+Validation.swift"; sourceTree = "<group>"; };
		52652B8D2D240D2A00608550 /* NewHabitView+Actions.swift */ = {isa = PBXFileReference; lastKnownFileType = sourcecode.swift; path = "NewHabitView+Actions.swift"; sourceTree = "<group>"; };
		52652B912D240EE800608550 /* NewHabitView+TextFieldDelegate.swift */ = {isa = PBXFileReference; lastKnownFileType = sourcecode.swift; path = "NewHabitView+TextFieldDelegate.swift"; sourceTree = "<group>"; };
		52652B932D240FC700608550 /* NewHabitView+Formatting.swift */ = {isa = PBXFileReference; lastKnownFileType = sourcecode.swift; path = "NewHabitView+Formatting.swift"; sourceTree = "<group>"; };
		52697D5D2D19535F004B9D7E /* HabitsLayout.swift */ = {isa = PBXFileReference; lastKnownFileType = sourcecode.swift; path = HabitsLayout.swift; sourceTree = "<group>"; };
		52697D5F2D1957A6004B9D7E /* HabitsViewController+DataSourceDelegate.swift */ = {isa = PBXFileReference; lastKnownFileType = sourcecode.swift; path = "HabitsViewController+DataSourceDelegate.swift"; sourceTree = "<group>"; };
		52697D632D195A95004B9D7E /* HabitsViewController+NewHabitDelegate.swift */ = {isa = PBXFileReference; lastKnownFileType = sourcecode.swift; path = "HabitsViewController+NewHabitDelegate.swift"; sourceTree = "<group>"; };
		52751BAC2D26ACE2008F84A8 /* ChangeHabitViewController.swift */ = {isa = PBXFileReference; lastKnownFileType = sourcecode.swift; path = ChangeHabitViewController.swift; sourceTree = "<group>"; };
		52923ECE2CF70F050088E54B /* HeaderDaysCollectionView.swift */ = {isa = PBXFileReference; lastKnownFileType = sourcecode.swift; path = HeaderDaysCollectionView.swift; sourceTree = "<group>"; };
		52AB21F12D19AF3D006C7DF9 /* UIComponents+Extensions.swift */ = {isa = PBXFileReference; lastKnownFileType = sourcecode.swift; path = "UIComponents+Extensions.swift"; sourceTree = "<group>"; };
		52ACDD432CEF13CD00868730 /* AppStyle.swift */ = {isa = PBXFileReference; lastKnownFileType = sourcecode.swift; path = AppStyle.swift; sourceTree = "<group>"; };
		52C996A42D11EAC3000E7648 /* UICollectionView+Dequeuing.swift */ = {isa = PBXFileReference; lastKnownFileType = sourcecode.swift; path = "UICollectionView+Dequeuing.swift"; sourceTree = "<group>"; };
		52C996A62D11EAED000E7648 /* SupplementaryViewError.swift */ = {isa = PBXFileReference; lastKnownFileType = sourcecode.swift; path = SupplementaryViewError.swift; sourceTree = "<group>"; };
		52C996A82D11EB23000E7648 /* CustomElement.swift */ = {isa = PBXFileReference; lastKnownFileType = sourcecode.swift; path = CustomElement.swift; sourceTree = "<group>"; };
		52F1E5362B7CDC300058F767 /* bebrave.app */ = {isa = PBXFileReference; explicitFileType = wrapper.application; includeInIndex = 0; path = bebrave.app; sourceTree = BUILT_PRODUCTS_DIR; };
		52F1E5392B7CDC300058F767 /* AppDelegate.swift */ = {isa = PBXFileReference; lastKnownFileType = sourcecode.swift; path = AppDelegate.swift; sourceTree = "<group>"; };
		52F1E53B2B7CDC300058F767 /* SceneDelegate.swift */ = {isa = PBXFileReference; lastKnownFileType = sourcecode.swift; path = SceneDelegate.swift; sourceTree = "<group>"; };
		52F1E53D2B7CDC300058F767 /* TabBarViewController.swift */ = {isa = PBXFileReference; lastKnownFileType = sourcecode.swift; path = TabBarViewController.swift; sourceTree = "<group>"; };
		52F1E5422B7CDC330058F767 /* Assets.xcassets */ = {isa = PBXFileReference; lastKnownFileType = folder.assetcatalog; path = Assets.xcassets; sourceTree = "<group>"; };
		52F1E5452B7CDC330058F767 /* Base */ = {isa = PBXFileReference; lastKnownFileType = file.storyboard; name = Base; path = Base.lproj/LaunchScreen.storyboard; sourceTree = "<group>"; };
		52F1E5472B7CDC330058F767 /* Info.plist */ = {isa = PBXFileReference; lastKnownFileType = text.plist.xml; path = Info.plist; sourceTree = "<group>"; };
		52F1E54C2B7CDC330058F767 /* bebraveTests.xctest */ = {isa = PBXFileReference; explicitFileType = wrapper.cfbundle; includeInIndex = 0; path = bebraveTests.xctest; sourceTree = BUILT_PRODUCTS_DIR; };
		52F1E5502B7CDC330058F767 /* bebraveTests.swift */ = {isa = PBXFileReference; lastKnownFileType = sourcecode.swift; path = bebraveTests.swift; sourceTree = "<group>"; };
		52F1E5562B7CDC330058F767 /* bebraveUITests.xctest */ = {isa = PBXFileReference; explicitFileType = wrapper.cfbundle; includeInIndex = 0; path = bebraveUITests.xctest; sourceTree = BUILT_PRODUCTS_DIR; };
		52F1E55A2B7CDC330058F767 /* bebraveUITests.swift */ = {isa = PBXFileReference; lastKnownFileType = sourcecode.swift; path = bebraveUITests.swift; sourceTree = "<group>"; };
		52F1E55C2B7CDC330058F767 /* bebraveUITestsLaunchTests.swift */ = {isa = PBXFileReference; lastKnownFileType = sourcecode.swift; path = bebraveUITestsLaunchTests.swift; sourceTree = "<group>"; };
		52F1E5692B7CE6330058F767 /* HabitsViewController.swift */ = {isa = PBXFileReference; lastKnownFileType = sourcecode.swift; path = HabitsViewController.swift; sourceTree = "<group>"; };
		52F1E56B2B7CE6B10058F767 /* DiaryViewController.swift */ = {isa = PBXFileReference; lastKnownFileType = sourcecode.swift; path = DiaryViewController.swift; sourceTree = "<group>"; };
		52F1E56D2B7CE6D10058F767 /* ProfileViewController.swift */ = {isa = PBXFileReference; lastKnownFileType = sourcecode.swift; path = ProfileViewController.swift; sourceTree = "<group>"; };
		52FBCF392CFF1673000206BC /* UserDefaultsManager.swift */ = {isa = PBXFileReference; lastKnownFileType = sourcecode.swift; path = UserDefaultsManager.swift; sourceTree = "<group>"; };
/* End PBXFileReference section */

/* Begin PBXFrameworksBuildPhase section */
		52F1E5332B7CDC300058F767 /* Frameworks */ = {
			isa = PBXFrameworksBuildPhase;
			buildActionMask = 2147483647;
			files = (
			);
			runOnlyForDeploymentPostprocessing = 0;
		};
		52F1E5492B7CDC330058F767 /* Frameworks */ = {
			isa = PBXFrameworksBuildPhase;
			buildActionMask = 2147483647;
			files = (
			);
			runOnlyForDeploymentPostprocessing = 0;
		};
		52F1E5532B7CDC330058F767 /* Frameworks */ = {
			isa = PBXFrameworksBuildPhase;
			buildActionMask = 2147483647;
			files = (
			);
			runOnlyForDeploymentPostprocessing = 0;
		};
/* End PBXFrameworksBuildPhase section */

/* Begin PBXGroup section */
		5219E2B42D12372200F41D97 /* UI */ = {
			isa = PBXGroup;
			children = (
				5219E2B22D12371300F41D97 /* HabitsViewController+Calendar.swift */,
				5219E2B52D1237B100F41D97 /* HabitsViewController+UISetup.swift */,
			);
			path = UI;
			sourceTree = "<group>";
		};
		52652B882D24059700608550 /* NewHabitViewController */ = {
			isa = PBXGroup;
			children = (
				523AF3B82CBFBDBD00EEFA8A /* NewHabitViewController.swift */,
				52652B932D240FC700608550 /* NewHabitView+Formatting.swift */,
				52652B912D240EE800608550 /* NewHabitView+TextFieldDelegate.swift */,
				52652B8D2D240D2A00608550 /* NewHabitView+Actions.swift */,
				52652B8B2D240BD000608550 /* NewHabitView+Validation.swift */,
				52652B892D2405DE00608550 /* NewHabitView+UISetup.swift */,
			);
			path = NewHabitViewController;
			sourceTree = "<group>";
		};
		52697D5C2D19533A004B9D7E /* Layout */ = {
			isa = PBXGroup;
			children = (
				52697D5D2D19535F004B9D7E /* HabitsLayout.swift */,
			);
			path = Layout;
			sourceTree = "<group>";
		};
		52C996A02D11E984000E7648 /* UserDefaults */ = {
			isa = PBXGroup;
			children = (
				52FBCF392CFF1673000206BC /* UserDefaultsManager.swift */,
			);
			path = UserDefaults;
			sourceTree = "<group>";
		};
		52C996A22D11E9F2000E7648 /* App and Scene Delegate */ = {
			isa = PBXGroup;
			children = (
				52F1E5392B7CDC300058F767 /* AppDelegate.swift */,
				52F1E53B2B7CDC300058F767 /* SceneDelegate.swift */,
			);
			path = "App and Scene Delegate";
			sourceTree = "<group>";
		};
		52C996A32D11EA17000E7648 /* HabitsViewController */ = {
			isa = PBXGroup;
			children = (
				52F1E5692B7CE6330058F767 /* HabitsViewController.swift */,
				52697D5C2D19533A004B9D7E /* Layout */,
				5219E2B42D12372200F41D97 /* UI */,
				52C996AD2D11EBD2000E7648 /* Extensions */,
				52C996AC2D11EBB5000E7648 /* Models */,
				52C996AB2D11EB8C000E7648 /* Cells */,
				52C996AA2D11EB62000E7648 /* Views */,
			);
			path = HabitsViewController;
			sourceTree = "<group>";
		};
		52C996AA2D11EB62000E7648 /* Views */ = {
			isa = PBXGroup;
			children = (
				52923ECE2CF70F050088E54B /* HeaderDaysCollectionView.swift */,
				523D41742C05FD3D00689F20 /* AddNewHabitView.swift */,
				524FC7012D075063004C839F /* EmptyStateView.swift */,
				52021A762BAC3D2000E9D8F1 /* OutlineBackgroundView.swift */,
			);
			path = Views;
			sourceTree = "<group>";
		};
		52C996AB2D11EB8C000E7648 /* Cells */ = {
			isa = PBXGroup;
			children = (
				5246C9752BC6C39D00BA7912 /* HabitsCell.swift */,
				5252109A2BFC7F04009DB3F7 /* DiaryWriteCell.swift */,
			);
			path = Cells;
			sourceTree = "<group>";
		};
		52C996AC2D11EBB5000E7648 /* Models */ = {
			isa = PBXGroup;
			children = (
				52C996A82D11EB23000E7648 /* CustomElement.swift */,
				5219E2AF2D12324500F41D97 /* CellError.swift */,
				52C996A62D11EAED000E7648 /* SupplementaryViewError.swift */,
			);
			path = Models;
			sourceTree = "<group>";
		};
		52C996AD2D11EBD2000E7648 /* Extensions */ = {
			isa = PBXGroup;
			children = (
				52697D632D195A95004B9D7E /* HabitsViewController+NewHabitDelegate.swift */,
				52697D5F2D1957A6004B9D7E /* HabitsViewController+DataSourceDelegate.swift */,
				52C996A42D11EAC3000E7648 /* UICollectionView+Dequeuing.swift */,
			);
			path = Extensions;
			sourceTree = "<group>";
		};
		52F1E52D2B7CDC300058F767 = {
			isa = PBXGroup;
			children = (
				52F1E5382B7CDC300058F767 /* bebrave */,
				52F1E54F2B7CDC330058F767 /* bebraveTests */,
				52F1E5592B7CDC330058F767 /* bebraveUITests */,
				52F1E5372B7CDC300058F767 /* Products */,
			);
			sourceTree = "<group>";
		};
		52F1E5372B7CDC300058F767 /* Products */ = {
			isa = PBXGroup;
			children = (
				52F1E5362B7CDC300058F767 /* bebrave.app */,
				52F1E54C2B7CDC330058F767 /* bebraveTests.xctest */,
				52F1E5562B7CDC330058F767 /* bebraveUITests.xctest */,
			);
			name = Products;
			sourceTree = "<group>";
		};
		52F1E5382B7CDC300058F767 /* bebrave */ = {
			isa = PBXGroup;
			children = (
				52C996A22D11E9F2000E7648 /* App and Scene Delegate */,
				52C996A02D11E984000E7648 /* UserDefaults */,
				52ACDD432CEF13CD00868730 /* AppStyle.swift */,
				5232E9D92D27B6ED0069FD70 /* CustomPushAnimator.swift */,
				52AB21F12D19AF3D006C7DF9 /* UIComponents+Extensions.swift */,
				52F1E53D2B7CDC300058F767 /* TabBarViewController.swift */,
				52F1E56B2B7CE6B10058F767 /* DiaryViewController.swift */,
				52F1E56D2B7CE6D10058F767 /* ProfileViewController.swift */,
				5241DDD12B8F61F000C7ECF0 /* HistoryViewConroller.swift */,
				52751BAC2D26ACE2008F84A8 /* ChangeHabitViewController.swift */,
				52C996A32D11EA17000E7648 /* HabitsViewController */,
				52652B882D24059700608550 /* NewHabitViewController */,
				52F1E5422B7CDC330058F767 /* Assets.xcassets */,
				52F1E5442B7CDC330058F767 /* LaunchScreen.storyboard */,
				52F1E5472B7CDC330058F767 /* Info.plist */,
			);
			path = bebrave;
			sourceTree = "<group>";
		};
		52F1E54F2B7CDC330058F767 /* bebraveTests */ = {
			isa = PBXGroup;
			children = (
				52F1E5502B7CDC330058F767 /* bebraveTests.swift */,
			);
			path = bebraveTests;
			sourceTree = "<group>";
		};
		52F1E5592B7CDC330058F767 /* bebraveUITests */ = {
			isa = PBXGroup;
			children = (
				52F1E55A2B7CDC330058F767 /* bebraveUITests.swift */,
				52F1E55C2B7CDC330058F767 /* bebraveUITestsLaunchTests.swift */,
			);
			path = bebraveUITests;
			sourceTree = "<group>";
		};
/* End PBXGroup section */

/* Begin PBXNativeTarget section */
		52F1E5352B7CDC300058F767 /* bebrave */ = {
			isa = PBXNativeTarget;
			buildConfigurationList = 52F1E5602B7CDC330058F767 /* Build configuration list for PBXNativeTarget "bebrave" */;
			buildPhases = (
				52F1E5322B7CDC300058F767 /* Sources */,
				52F1E5332B7CDC300058F767 /* Frameworks */,
				52F1E5342B7CDC300058F767 /* Resources */,
			);
			buildRules = (
			);
			dependencies = (
			);
			name = bebrave;
			productName = bebrave;
			productReference = 52F1E5362B7CDC300058F767 /* bebrave.app */;
			productType = "com.apple.product-type.application";
		};
		52F1E54B2B7CDC330058F767 /* bebraveTests */ = {
			isa = PBXNativeTarget;
			buildConfigurationList = 52F1E5632B7CDC330058F767 /* Build configuration list for PBXNativeTarget "bebraveTests" */;
			buildPhases = (
				52F1E5482B7CDC330058F767 /* Sources */,
				52F1E5492B7CDC330058F767 /* Frameworks */,
				52F1E54A2B7CDC330058F767 /* Resources */,
			);
			buildRules = (
			);
			dependencies = (
				52F1E54E2B7CDC330058F767 /* PBXTargetDependency */,
			);
			name = bebraveTests;
			productName = bebraveTests;
			productReference = 52F1E54C2B7CDC330058F767 /* bebraveTests.xctest */;
			productType = "com.apple.product-type.bundle.unit-test";
		};
		52F1E5552B7CDC330058F767 /* bebraveUITests */ = {
			isa = PBXNativeTarget;
			buildConfigurationList = 52F1E5662B7CDC330058F767 /* Build configuration list for PBXNativeTarget "bebraveUITests" */;
			buildPhases = (
				52F1E5522B7CDC330058F767 /* Sources */,
				52F1E5532B7CDC330058F767 /* Frameworks */,
				52F1E5542B7CDC330058F767 /* Resources */,
			);
			buildRules = (
			);
			dependencies = (
				52F1E5582B7CDC330058F767 /* PBXTargetDependency */,
			);
			name = bebraveUITests;
			productName = bebraveUITests;
			productReference = 52F1E5562B7CDC330058F767 /* bebraveUITests.xctest */;
			productType = "com.apple.product-type.bundle.ui-testing";
		};
/* End PBXNativeTarget section */

/* Begin PBXProject section */
		52F1E52E2B7CDC300058F767 /* Project object */ = {
			isa = PBXProject;
			attributes = {
				BuildIndependentTargetsInParallel = 1;
				LastSwiftUpdateCheck = 1430;
				LastUpgradeCheck = 1620;
				TargetAttributes = {
					52F1E5352B7CDC300058F767 = {
						CreatedOnToolsVersion = 14.3.1;
					};
					52F1E54B2B7CDC330058F767 = {
						CreatedOnToolsVersion = 14.3.1;
						TestTargetID = 52F1E5352B7CDC300058F767;
					};
					52F1E5552B7CDC330058F767 = {
						CreatedOnToolsVersion = 14.3.1;
						TestTargetID = 52F1E5352B7CDC300058F767;
					};
				};
			};
			buildConfigurationList = 52F1E5312B7CDC300058F767 /* Build configuration list for PBXProject "bebrave" */;
			compatibilityVersion = "Xcode 14.0";
			developmentRegion = ru;
			hasScannedForEncodings = 0;
			knownRegions = (
				Base,
				ru,
			);
			mainGroup = 52F1E52D2B7CDC300058F767;
			packageReferences = (
			);
			productRefGroup = 52F1E5372B7CDC300058F767 /* Products */;
			projectDirPath = "";
			projectRoot = "";
			targets = (
				52F1E5352B7CDC300058F767 /* bebrave */,
				52F1E54B2B7CDC330058F767 /* bebraveTests */,
				52F1E5552B7CDC330058F767 /* bebraveUITests */,
			);
		};
/* End PBXProject section */

/* Begin PBXResourcesBuildPhase section */
		52F1E5342B7CDC300058F767 /* Resources */ = {
			isa = PBXResourcesBuildPhase;
			buildActionMask = 2147483647;
			files = (
				52F1E5462B7CDC330058F767 /* LaunchScreen.storyboard in Resources */,
				52F1E5432B7CDC330058F767 /* Assets.xcassets in Resources */,
			);
			runOnlyForDeploymentPostprocessing = 0;
		};
		52F1E54A2B7CDC330058F767 /* Resources */ = {
			isa = PBXResourcesBuildPhase;
			buildActionMask = 2147483647;
			files = (
			);
			runOnlyForDeploymentPostprocessing = 0;
		};
		52F1E5542B7CDC330058F767 /* Resources */ = {
			isa = PBXResourcesBuildPhase;
			buildActionMask = 2147483647;
			files = (
			);
			runOnlyForDeploymentPostprocessing = 0;
		};
/* End PBXResourcesBuildPhase section */

/* Begin PBXSourcesBuildPhase section */
		52F1E5322B7CDC300058F767 /* Sources */ = {
			isa = PBXSourcesBuildPhase;
			buildActionMask = 2147483647;
			files = (
				5232E9DA2D27B6F50069FD70 /* CustomPushAnimator.swift in Sources */,
				52F1E53E2B7CDC300058F767 /* TabBarViewController.swift in Sources */,
				52C996A72D11EAEE000E7648 /* SupplementaryViewError.swift in Sources */,
				52021A772BAC3D2000E9D8F1 /* OutlineBackgroundView.swift in Sources */,
				52652B8A2D2405DF00608550 /* NewHabitView+UISetup.swift in Sources */,
				5241DDD22B8F61F000C7ECF0 /* HistoryViewConroller.swift in Sources */,
				52697D642D195A97004B9D7E /* HabitsViewController+NewHabitDelegate.swift in Sources */,
				52ACDD442CEF13CD00868730 /* AppStyle.swift in Sources */,
				52751BAD2D26ACEA008F84A8 /* ChangeHabitViewController.swift in Sources */,
				5246C9762BC6C39D00BA7912 /* HabitsCell.swift in Sources */,
				52F1E56C2B7CE6B10058F767 /* DiaryViewController.swift in Sources */,
				52652B942D240FC900608550 /* NewHabitView+Formatting.swift in Sources */,
				5219E2B62D1237B300F41D97 /* HabitsViewController+UISetup.swift in Sources */,
				5252109B2BFC7F04009DB3F7 /* DiaryWriteCell.swift in Sources */,
				5219E2B02D12324500F41D97 /* CellError.swift in Sources */,
				5219E2B32D12371E00F41D97 /* HabitsViewController+Calendar.swift in Sources */,
				52AB21F22D19AF51006C7DF9 /* UIComponents+Extensions.swift in Sources */,
				52F1E53A2B7CDC300058F767 /* AppDelegate.swift in Sources */,
				52F1E53C2B7CDC300058F767 /* SceneDelegate.swift in Sources */,
				523AF3B92CBFBDE900EEFA8A /* NewHabitViewController.swift in Sources */,
				52697D5E2D195361004B9D7E /* HabitsLayout.swift in Sources */,
				52652B8E2D240D2C00608550 /* NewHabitView+Actions.swift in Sources */,
				52923ECF2CF70F080088E54B /* HeaderDaysCollectionView.swift in Sources */,
				52FBCF3A2CFF1677000206BC /* UserDefaultsManager.swift in Sources */,
				52F1E56A2B7CE6330058F767 /* HabitsViewController.swift in Sources */,
				52F1E56E2B7CE6D10058F767 /* ProfileViewController.swift in Sources */,
				52697D602D1957A9004B9D7E /* HabitsViewController+DataSourceDelegate.swift in Sources */,
				523D41752C05FD3D00689F20 /* AddNewHabitView.swift in Sources */,
				52C996A92D11EB25000E7648 /* CustomElement.swift in Sources */,
				524FC7022D075071004C839F /* EmptyStateView.swift in Sources */,
				52C996A52D11EAC7000E7648 /* UICollectionView+Dequeuing.swift in Sources */,
				52652B8C2D240BD200608550 /* NewHabitView+Validation.swift in Sources */,
				52652B922D240EE900608550 /* NewHabitView+TextFieldDelegate.swift in Sources */,
			);
			runOnlyForDeploymentPostprocessing = 0;
		};
		52F1E5482B7CDC330058F767 /* Sources */ = {
			isa = PBXSourcesBuildPhase;
			buildActionMask = 2147483647;
			files = (
				52F1E5512B7CDC330058F767 /* bebraveTests.swift in Sources */,
			);
			runOnlyForDeploymentPostprocessing = 0;
		};
		52F1E5522B7CDC330058F767 /* Sources */ = {
			isa = PBXSourcesBuildPhase;
			buildActionMask = 2147483647;
			files = (
				52F1E55D2B7CDC330058F767 /* bebraveUITestsLaunchTests.swift in Sources */,
				52F1E55B2B7CDC330058F767 /* bebraveUITests.swift in Sources */,
			);
			runOnlyForDeploymentPostprocessing = 0;
		};
/* End PBXSourcesBuildPhase section */

/* Begin PBXTargetDependency section */
		52F1E54E2B7CDC330058F767 /* PBXTargetDependency */ = {
			isa = PBXTargetDependency;
			target = 52F1E5352B7CDC300058F767 /* bebrave */;
			targetProxy = 52F1E54D2B7CDC330058F767 /* PBXContainerItemProxy */;
		};
		52F1E5582B7CDC330058F767 /* PBXTargetDependency */ = {
			isa = PBXTargetDependency;
			target = 52F1E5352B7CDC300058F767 /* bebrave */;
			targetProxy = 52F1E5572B7CDC330058F767 /* PBXContainerItemProxy */;
		};
/* End PBXTargetDependency section */

/* Begin PBXVariantGroup section */
		52F1E5442B7CDC330058F767 /* LaunchScreen.storyboard */ = {
			isa = PBXVariantGroup;
			children = (
				52F1E5452B7CDC330058F767 /* Base */,
				521584B02BA320FC009F1B5A /* ru */,
			);
			name = LaunchScreen.storyboard;
			sourceTree = "<group>";
		};
/* End PBXVariantGroup section */

/* Begin XCBuildConfiguration section */
		52F1E55E2B7CDC330058F767 /* Debug */ = {
			isa = XCBuildConfiguration;
			buildSettings = {
				ALWAYS_SEARCH_USER_PATHS = NO;
				ASSETCATALOG_COMPILER_GENERATE_SWIFT_ASSET_SYMBOL_EXTENSIONS = YES;
				CLANG_ANALYZER_LOCALIZABILITY_NONLOCALIZED = YES;
				CLANG_ANALYZER_NONNULL = YES;
				CLANG_ANALYZER_NUMBER_OBJECT_CONVERSION = YES_AGGRESSIVE;
				CLANG_CXX_LANGUAGE_STANDARD = "gnu++20";
				CLANG_ENABLE_MODULES = YES;
				CLANG_ENABLE_OBJC_ARC = YES;
				CLANG_ENABLE_OBJC_WEAK = YES;
				CLANG_WARN_BLOCK_CAPTURE_AUTORELEASING = YES;
				CLANG_WARN_BOOL_CONVERSION = YES;
				CLANG_WARN_COMMA = YES;
				CLANG_WARN_CONSTANT_CONVERSION = YES;
				CLANG_WARN_DEPRECATED_OBJC_IMPLEMENTATIONS = YES;
				CLANG_WARN_DIRECT_OBJC_ISA_USAGE = YES_ERROR;
				CLANG_WARN_DOCUMENTATION_COMMENTS = YES;
				CLANG_WARN_EMPTY_BODY = YES;
				CLANG_WARN_ENUM_CONVERSION = YES;
				CLANG_WARN_INFINITE_RECURSION = YES;
				CLANG_WARN_INT_CONVERSION = YES;
				CLANG_WARN_NON_LITERAL_NULL_CONVERSION = YES;
				CLANG_WARN_OBJC_IMPLICIT_RETAIN_SELF = YES;
				CLANG_WARN_OBJC_LITERAL_CONVERSION = YES;
				CLANG_WARN_OBJC_ROOT_CLASS = YES_ERROR;
				CLANG_WARN_QUOTED_INCLUDE_IN_FRAMEWORK_HEADER = YES;
				CLANG_WARN_RANGE_LOOP_ANALYSIS = YES;
				CLANG_WARN_STRICT_PROTOTYPES = YES;
				CLANG_WARN_SUSPICIOUS_MOVE = YES;
				CLANG_WARN_UNGUARDED_AVAILABILITY = YES_AGGRESSIVE;
				CLANG_WARN_UNREACHABLE_CODE = YES;
				CLANG_WARN__DUPLICATE_METHOD_MATCH = YES;
				COPY_PHASE_STRIP = NO;
				DEBUG_INFORMATION_FORMAT = dwarf;
				ENABLE_STRICT_OBJC_MSGSEND = YES;
				ENABLE_TESTABILITY = YES;
				ENABLE_USER_SCRIPT_SANDBOXING = YES;
				GCC_C_LANGUAGE_STANDARD = gnu11;
				GCC_DYNAMIC_NO_PIC = NO;
				GCC_NO_COMMON_BLOCKS = YES;
				GCC_OPTIMIZATION_LEVEL = 0;
				GCC_PREPROCESSOR_DEFINITIONS = (
					"DEBUG=1",
					"$(inherited)",
				);
				GCC_WARN_64_TO_32_BIT_CONVERSION = YES;
				GCC_WARN_ABOUT_RETURN_TYPE = YES_ERROR;
				GCC_WARN_UNDECLARED_SELECTOR = YES;
				GCC_WARN_UNINITIALIZED_AUTOS = YES_AGGRESSIVE;
				GCC_WARN_UNUSED_FUNCTION = YES;
				GCC_WARN_UNUSED_VARIABLE = YES;
				IPHONEOS_DEPLOYMENT_TARGET = 16.4;
				MTL_ENABLE_DEBUG_INFO = INCLUDE_SOURCE;
				MTL_FAST_MATH = YES;
				ONLY_ACTIVE_ARCH = YES;
				SDKROOT = iphoneos;
				SWIFT_ACTIVE_COMPILATION_CONDITIONS = DEBUG;
				SWIFT_OPTIMIZATION_LEVEL = "-Onone";
			};
			name = Debug;
		};
		52F1E55F2B7CDC330058F767 /* Release */ = {
			isa = XCBuildConfiguration;
			buildSettings = {
				ALWAYS_SEARCH_USER_PATHS = NO;
				ASSETCATALOG_COMPILER_GENERATE_SWIFT_ASSET_SYMBOL_EXTENSIONS = YES;
				CLANG_ANALYZER_LOCALIZABILITY_NONLOCALIZED = YES;
				CLANG_ANALYZER_NONNULL = YES;
				CLANG_ANALYZER_NUMBER_OBJECT_CONVERSION = YES_AGGRESSIVE;
				CLANG_CXX_LANGUAGE_STANDARD = "gnu++20";
				CLANG_ENABLE_MODULES = YES;
				CLANG_ENABLE_OBJC_ARC = YES;
				CLANG_ENABLE_OBJC_WEAK = YES;
				CLANG_WARN_BLOCK_CAPTURE_AUTORELEASING = YES;
				CLANG_WARN_BOOL_CONVERSION = YES;
				CLANG_WARN_COMMA = YES;
				CLANG_WARN_CONSTANT_CONVERSION = YES;
				CLANG_WARN_DEPRECATED_OBJC_IMPLEMENTATIONS = YES;
				CLANG_WARN_DIRECT_OBJC_ISA_USAGE = YES_ERROR;
				CLANG_WARN_DOCUMENTATION_COMMENTS = YES;
				CLANG_WARN_EMPTY_BODY = YES;
				CLANG_WARN_ENUM_CONVERSION = YES;
				CLANG_WARN_INFINITE_RECURSION = YES;
				CLANG_WARN_INT_CONVERSION = YES;
				CLANG_WARN_NON_LITERAL_NULL_CONVERSION = YES;
				CLANG_WARN_OBJC_IMPLICIT_RETAIN_SELF = YES;
				CLANG_WARN_OBJC_LITERAL_CONVERSION = YES;
				CLANG_WARN_OBJC_ROOT_CLASS = YES_ERROR;
				CLANG_WARN_QUOTED_INCLUDE_IN_FRAMEWORK_HEADER = YES;
				CLANG_WARN_RANGE_LOOP_ANALYSIS = YES;
				CLANG_WARN_STRICT_PROTOTYPES = YES;
				CLANG_WARN_SUSPICIOUS_MOVE = YES;
				CLANG_WARN_UNGUARDED_AVAILABILITY = YES_AGGRESSIVE;
				CLANG_WARN_UNREACHABLE_CODE = YES;
				CLANG_WARN__DUPLICATE_METHOD_MATCH = YES;
				COPY_PHASE_STRIP = NO;
				DEBUG_INFORMATION_FORMAT = "dwarf-with-dsym";
				ENABLE_NS_ASSERTIONS = NO;
				ENABLE_STRICT_OBJC_MSGSEND = YES;
				ENABLE_USER_SCRIPT_SANDBOXING = YES;
				GCC_C_LANGUAGE_STANDARD = gnu11;
				GCC_NO_COMMON_BLOCKS = YES;
				GCC_WARN_64_TO_32_BIT_CONVERSION = YES;
				GCC_WARN_ABOUT_RETURN_TYPE = YES_ERROR;
				GCC_WARN_UNDECLARED_SELECTOR = YES;
				GCC_WARN_UNINITIALIZED_AUTOS = YES_AGGRESSIVE;
				GCC_WARN_UNUSED_FUNCTION = YES;
				GCC_WARN_UNUSED_VARIABLE = YES;
				IPHONEOS_DEPLOYMENT_TARGET = 16.4;
				MTL_ENABLE_DEBUG_INFO = NO;
				MTL_FAST_MATH = YES;
				SDKROOT = iphoneos;
				SWIFT_COMPILATION_MODE = wholemodule;
				SWIFT_OPTIMIZATION_LEVEL = "-O";
				VALIDATE_PRODUCT = YES;
			};
			name = Release;
		};
		52F1E5612B7CDC330058F767 /* Debug */ = {
			isa = XCBuildConfiguration;
			buildSettings = {
				ASSETCATALOG_COMPILER_APPICON_NAME = AppIcon;
				ASSETCATALOG_COMPILER_GLOBAL_ACCENT_COLOR_NAME = AccentColor;
				CODE_SIGN_STYLE = Automatic;
				CURRENT_PROJECT_VERSION = 1;
				DEVELOPMENT_TEAM = 6WBT5SBFY4;
				GENERATE_INFOPLIST_FILE = YES;
				INFOPLIST_FILE = bebrave/Info.plist;
				INFOPLIST_KEY_UIApplicationSupportsIndirectInputEvents = YES;
				INFOPLIST_KEY_UILaunchStoryboardName = LaunchScreen;
				INFOPLIST_KEY_UISupportedInterfaceOrientations_iPad = "UIInterfaceOrientationPortrait UIInterfaceOrientationPortraitUpsideDown UIInterfaceOrientationLandscapeLeft UIInterfaceOrientationLandscapeRight";
				INFOPLIST_KEY_UISupportedInterfaceOrientations_iPhone = UIInterfaceOrientationPortrait;
				LD_RUNPATH_SEARCH_PATHS = (
					"$(inherited)",
					"@executable_path/Frameworks",
				);
				MARKETING_VERSION = 1.0;
				PRODUCT_BUNDLE_IDENTIFIER = com.anastasiiatiutinova.bebrave;
				PRODUCT_NAME = "$(TARGET_NAME)";
				SWIFT_EMIT_LOC_STRINGS = YES;
				SWIFT_VERSION = 5.0;
				TARGETED_DEVICE_FAMILY = "1,2";
			};
			name = Debug;
		};
		52F1E5622B7CDC330058F767 /* Release */ = {
			isa = XCBuildConfiguration;
			buildSettings = {
				ASSETCATALOG_COMPILER_APPICON_NAME = AppIcon;
				ASSETCATALOG_COMPILER_GLOBAL_ACCENT_COLOR_NAME = AccentColor;
				CODE_SIGN_STYLE = Automatic;
				CURRENT_PROJECT_VERSION = 1;
				DEVELOPMENT_TEAM = 6WBT5SBFY4;
				GENERATE_INFOPLIST_FILE = YES;
				INFOPLIST_FILE = bebrave/Info.plist;
				INFOPLIST_KEY_UIApplicationSupportsIndirectInputEvents = YES;
				INFOPLIST_KEY_UILaunchStoryboardName = LaunchScreen;
				INFOPLIST_KEY_UISupportedInterfaceOrientations_iPad = "UIInterfaceOrientationPortrait UIInterfaceOrientationPortraitUpsideDown UIInterfaceOrientationLandscapeLeft UIInterfaceOrientationLandscapeRight";
				INFOPLIST_KEY_UISupportedInterfaceOrientations_iPhone = UIInterfaceOrientationPortrait;
				LD_RUNPATH_SEARCH_PATHS = (
					"$(inherited)",
					"@executable_path/Frameworks",
				);
				MARKETING_VERSION = 1.0;
				PRODUCT_BUNDLE_IDENTIFIER = com.anastasiiatiutinova.bebrave;
				PRODUCT_NAME = "$(TARGET_NAME)";
				SWIFT_EMIT_LOC_STRINGS = YES;
				SWIFT_VERSION = 5.0;
				TARGETED_DEVICE_FAMILY = "1,2";
			};
			name = Release;
		};
		52F1E5642B7CDC330058F767 /* Debug */ = {
			isa = XCBuildConfiguration;
			buildSettings = {
				BUNDLE_LOADER = "$(TEST_HOST)";
				CODE_SIGN_STYLE = Automatic;
				CURRENT_PROJECT_VERSION = 1;
				DEVELOPMENT_TEAM = 6WBT5SBFY4;
				GENERATE_INFOPLIST_FILE = YES;
				IPHONEOS_DEPLOYMENT_TARGET = 16.4;
				MARKETING_VERSION = 1.0;
				PRODUCT_BUNDLE_IDENTIFIER = com.anastasiiatiutinova.bebraveTests;
				PRODUCT_NAME = "$(TARGET_NAME)";
				SWIFT_EMIT_LOC_STRINGS = NO;
				SWIFT_VERSION = 5.0;
				TARGETED_DEVICE_FAMILY = "1,2";
				TEST_HOST = "$(BUILT_PRODUCTS_DIR)/bebrave.app/$(BUNDLE_EXECUTABLE_FOLDER_PATH)/bebrave";
			};
			name = Debug;
		};
		52F1E5652B7CDC330058F767 /* Release */ = {
			isa = XCBuildConfiguration;
			buildSettings = {
				BUNDLE_LOADER = "$(TEST_HOST)";
				CODE_SIGN_STYLE = Automatic;
				CURRENT_PROJECT_VERSION = 1;
				DEVELOPMENT_TEAM = 6WBT5SBFY4;
				GENERATE_INFOPLIST_FILE = YES;
				IPHONEOS_DEPLOYMENT_TARGET = 16.4;
				MARKETING_VERSION = 1.0;
				PRODUCT_BUNDLE_IDENTIFIER = com.anastasiiatiutinova.bebraveTests;
				PRODUCT_NAME = "$(TARGET_NAME)";
				SWIFT_EMIT_LOC_STRINGS = NO;
				SWIFT_VERSION = 5.0;
				TARGETED_DEVICE_FAMILY = "1,2";
				TEST_HOST = "$(BUILT_PRODUCTS_DIR)/bebrave.app/$(BUNDLE_EXECUTABLE_FOLDER_PATH)/bebrave";
			};
			name = Release;
		};
		52F1E5672B7CDC330058F767 /* Debug */ = {
			isa = XCBuildConfiguration;
			buildSettings = {
				CODE_SIGN_STYLE = Automatic;
				CURRENT_PROJECT_VERSION = 1;
				DEVELOPMENT_TEAM = 6WBT5SBFY4;
				GENERATE_INFOPLIST_FILE = YES;
				MARKETING_VERSION = 1.0;
				PRODUCT_BUNDLE_IDENTIFIER = com.anastasiiatiutinova.bebraveUITests;
				PRODUCT_NAME = "$(TARGET_NAME)";
				SWIFT_EMIT_LOC_STRINGS = NO;
				SWIFT_VERSION = 5.0;
				TARGETED_DEVICE_FAMILY = "1,2";
				TEST_TARGET_NAME = bebrave;
			};
			name = Debug;
		};
		52F1E5682B7CDC330058F767 /* Release */ = {
			isa = XCBuildConfiguration;
			buildSettings = {
				CODE_SIGN_STYLE = Automatic;
				CURRENT_PROJECT_VERSION = 1;
				DEVELOPMENT_TEAM = 6WBT5SBFY4;
				GENERATE_INFOPLIST_FILE = YES;
				MARKETING_VERSION = 1.0;
				PRODUCT_BUNDLE_IDENTIFIER = com.anastasiiatiutinova.bebraveUITests;
				PRODUCT_NAME = "$(TARGET_NAME)";
				SWIFT_EMIT_LOC_STRINGS = NO;
				SWIFT_VERSION = 5.0;
				TARGETED_DEVICE_FAMILY = "1,2";
				TEST_TARGET_NAME = bebrave;
			};
			name = Release;
		};
/* End XCBuildConfiguration section */

/* Begin XCConfigurationList section */
		52F1E5312B7CDC300058F767 /* Build configuration list for PBXProject "bebrave" */ = {
			isa = XCConfigurationList;
			buildConfigurations = (
				52F1E55E2B7CDC330058F767 /* Debug */,
				52F1E55F2B7CDC330058F767 /* Release */,
			);
			defaultConfigurationIsVisible = 0;
			defaultConfigurationName = Release;
		};
		52F1E5602B7CDC330058F767 /* Build configuration list for PBXNativeTarget "bebrave" */ = {
			isa = XCConfigurationList;
			buildConfigurations = (
				52F1E5612B7CDC330058F767 /* Debug */,
				52F1E5622B7CDC330058F767 /* Release */,
			);
			defaultConfigurationIsVisible = 0;
			defaultConfigurationName = Release;
		};
		52F1E5632B7CDC330058F767 /* Build configuration list for PBXNativeTarget "bebraveTests" */ = {
			isa = XCConfigurationList;
			buildConfigurations = (
				52F1E5642B7CDC330058F767 /* Debug */,
				52F1E5652B7CDC330058F767 /* Release */,
			);
			defaultConfigurationIsVisible = 0;
			defaultConfigurationName = Release;
		};
		52F1E5662B7CDC330058F767 /* Build configuration list for PBXNativeTarget "bebraveUITests" */ = {
			isa = XCConfigurationList;
			buildConfigurations = (
				52F1E5672B7CDC330058F767 /* Debug */,
				52F1E5682B7CDC330058F767 /* Release */,
			);
			defaultConfigurationIsVisible = 0;
			defaultConfigurationName = Release;
		};
/* End XCConfigurationList section */
	};
	rootObject = 52F1E52E2B7CDC300058F767 /* Project object */;
}
