// !$*UTF8*$!
{
	archiveVersion = 1;
	classes = {
	};
	objectVersion = 56;
	objects = {

/* Begin PBXBuildFile section */
		52021A772BAC3D2000E9D8F1 /* OutlineBackgroundView.swift in Sources */ = {isa = PBXBuildFile; fileRef = 52021A762BAC3D2000E9D8F1 /* OutlineBackgroundView.swift */; };
		5241DDD22B8F61F000C7ECF0 /* HistoryViewConroller.swift in Sources */ = {isa = PBXBuildFile; fileRef = 5241DDD12B8F61F000C7ECF0 /* HistoryViewConroller.swift */; };
		5246C9762BC6C39D00BA7912 /* HabitsCollectionViewCell.swift in Sources */ = {isa = PBXBuildFile; fileRef = 5246C9752BC6C39D00BA7912 /* HabitsCollectionViewCell.swift */; };
		52F1E53A2B7CDC300058F767 /* AppDelegate.swift in Sources */ = {isa = PBXBuildFile; fileRef = 52F1E5392B7CDC300058F767 /* AppDelegate.swift */; };
		52F1E53C2B7CDC300058F767 /* SceneDelegate.swift in Sources */ = {isa = PBXBuildFile; fileRef = 52F1E53B2B7CDC300058F767 /* SceneDelegate.swift */; };
		52F1E53E2B7CDC300058F767 /* TabBarViewController.swift in Sources */ = {isa = PBXBuildFile; fileRef = 52F1E53D2B7CDC300058F767 /* TabBarViewController.swift */; };
		52F1E5432B7CDC330058F767 /* Assets.xcassets in Resources */ = {isa = PBXBuildFile; fileRef = 52F1E5422B7CDC330058F767 /* Assets.xcassets */; };
		52F1E5462B7CDC330058F767 /* LaunchScreen.storyboard in Resources */ = {isa = PBXBuildFile; fileRef = 52F1E5442B7CDC330058F767 /* LaunchScreen.storyboard */; };
		52F1E5512B7CDC330058F767 /* bebraveTests.swift in Sources */ = {isa = PBXBuildFile; fileRef = 52F1E5502B7CDC330058F767 /* bebraveTests.swift */; };
		52F1E55B2B7CDC330058F767 /* bebraveUITests.swift in Sources */ = {isa = PBXBuildFile; fileRef = 52F1E55A2B7CDC330058F767 /* bebraveUITests.swift */; };
		52F1E55D2B7CDC330058F767 /* bebraveUITestsLaunchTests.swift in Sources */ = {isa = PBXBuildFile; fileRef = 52F1E55C2B7CDC330058F767 /* bebraveUITestsLaunchTests.swift */; };
		52F1E56A2B7CE6330058F767 /* HabitsViewController.swift in Sources */ = {isa = PBXBuildFile; fileRef = 52F1E5692B7CE6330058F767 /* HabitsViewController.swift */; };
		52F1E56C2B7CE6B10058F767 /* DiaryViewController.swift in Sources */ = {isa = PBXBuildFile; fileRef = 52F1E56B2B7CE6B10058F767 /* DiaryViewController.swift */; };
		52F1E56E2B7CE6D10058F767 /* ProfileViewController.swift in Sources */ = {isa = PBXBuildFile; fileRef = 52F1E56D2B7CE6D10058F767 /* ProfileViewController.swift */; };
/* End PBXBuildFile section */

/* Begin PBXContainerItemProxy section */
		52F1E54D2B7CDC330058F767 /* PBXContainerItemProxy */ = {
			isa = PBXContainerItemProxy;
			containerPortal = 52F1E52E2B7CDC300058F767 /* Project object */;
			proxyType = 1;
			remoteGlobalIDString = 52F1E5352B7CDC300058F767;
			remoteInfo = bebrave;
		};
		52F1E5572B7CDC330058F767 /* PBXContainerItemProxy */ = {
			isa = PBXContainerItemProxy;
			containerPortal = 52F1E52E2B7CDC300058F767 /* Project object */;
			proxyType = 1;
			remoteGlobalIDString = 52F1E5352B7CDC300058F767;
			remoteInfo = bebrave;
		};
/* End PBXContainerItemProxy section */

/* Begin PBXFileReference section */
		52021A762BAC3D2000E9D8F1 /* OutlineBackgroundView.swift */ = {isa = PBXFileReference; lastKnownFileType = sourcecode.swift; path = OutlineBackgroundView.swift; sourceTree = "<group>"; };
		521584B02BA320FC009F1B5A /* ru */ = {isa = PBXFileReference; lastKnownFileType = text.plist.strings; name = ru; path = ru.lproj/LaunchScreen.strings; sourceTree = "<group>"; };
		5241DDD12B8F61F000C7ECF0 /* HistoryViewConroller.swift */ = {isa = PBXFileReference; lastKnownFileType = sourcecode.swift; path = HistoryViewConroller.swift; sourceTree = "<group>"; };
		5246C9752BC6C39D00BA7912 /* HabitsCollectionViewCell.swift */ = {isa = PBXFileReference; lastKnownFileType = sourcecode.swift; path = HabitsCollectionViewCell.swift; sourceTree = "<group>"; };
		52F1E5362B7CDC300058F767 /* bebrave.app */ = {isa = PBXFileReference; explicitFileType = wrapper.application; includeInIndex = 0; path = bebrave.app; sourceTree = BUILT_PRODUCTS_DIR; };
		52F1E5392B7CDC300058F767 /* AppDelegate.swift */ = {isa = PBXFileReference; lastKnownFileType = sourcecode.swift; path = AppDelegate.swift; sourceTree = "<group>"; };
		52F1E53B2B7CDC300058F767 /* SceneDelegate.swift */ = {isa = PBXFileReference; lastKnownFileType = sourcecode.swift; path = SceneDelegate.swift; sourceTree = "<group>"; };
		52F1E53D2B7CDC300058F767 /* TabBarViewController.swift */ = {isa = PBXFileReference; lastKnownFileType = sourcecode.swift; path = TabBarViewController.swift; sourceTree = "<group>"; };
		52F1E5422B7CDC330058F767 /* Assets.xcassets */ = {isa = PBXFileReference; lastKnownFileType = folder.assetcatalog; path = Assets.xcassets; sourceTree = "<group>"; };
		52F1E5452B7CDC330058F767 /* Base */ = {isa = PBXFileReference; lastKnownFileType = file.storyboard; name = Base; path = Base.lproj/LaunchScreen.storyboard; sourceTree = "<group>"; };
		52F1E5472B7CDC330058F767 /* Info.plist */ = {isa = PBXFileReference; lastKnownFileType = text.plist.xml; path = Info.plist; sourceTree = "<group>"; };
		52F1E54C2B7CDC330058F767 /* bebraveTests.xctest */ = {isa = PBXFileReference; explicitFileType = wrapper.cfbundle; includeInIndex = 0; path = bebraveTests.xctest; sourceTree = BUILT_PRODUCTS_DIR; };
		52F1E5502B7CDC330058F767 /* bebraveTests.swift */ = {isa = PBXFileReference; lastKnownFileType = sourcecode.swift; path = bebraveTests.swift; sourceTree = "<group>"; };
		52F1E5562B7CDC330058F767 /* bebraveUITests.xctest */ = {isa = PBXFileReference; explicitFileType = wrapper.cfbundle; includeInIndex = 0; path = bebraveUITests.xctest; sourceTree = BUILT_PRODUCTS_DIR; };
		52F1E55A2B7CDC330058F767 /* bebraveUITests.swift */ = {isa = PBXFileReference; lastKnownFileType = sourcecode.swift; path = bebraveUITests.swift; sourceTree = "<group>"; };
		52F1E55C2B7CDC330058F767 /* bebraveUITestsLaunchTests.swift */ = {isa = PBXFileReference; lastKnownFileType = sourcecode.swift; path = bebraveUITestsLaunchTests.swift; sourceTree = "<group>"; };
		52F1E5692B7CE6330058F767 /* HabitsViewController.swift */ = {isa = PBXFileReference; lastKnownFileType = sourcecode.swift; path = HabitsViewController.swift; sourceTree = "<group>"; };
		52F1E56B2B7CE6B10058F767 /* DiaryViewController.swift */ = {isa = PBXFileReference; lastKnownFileType = sourcecode.swift; path = DiaryViewController.swift; sourceTree = "<group>"; };
		52F1E56D2B7CE6D10058F767 /* ProfileViewController.swift */ = {isa = PBXFileReference; lastKnownFileType = sourcecode.swift; path = ProfileViewController.swift; sourceTree = "<group>"; };
/* End PBXFileReference section */

/* Begin PBXFrameworksBuildPhase section */
		52F1E5332B7CDC300058F767 /* Frameworks */ = {
			isa = PBXFrameworksBuildPhase;
			buildActionMask = 2147483647;
			files = (
			);
			runOnlyForDeploymentPostprocessing = 0;
		};
		52F1E5492B7CDC330058F767 /* Frameworks */ = {
			isa = PBXFrameworksBuildPhase;
			buildActionMask = 2147483647;
			files = (
			);
			runOnlyForDeploymentPostprocessing = 0;
		};
		52F1E5532B7CDC330058F767 /* Frameworks */ = {
			isa = PBXFrameworksBuildPhase;
			buildActionMask = 2147483647;
			files = (
			);
			runOnlyForDeploymentPostprocessing = 0;
		};
/* End PBXFrameworksBuildPhase section */

/* Begin PBXGroup section */
		52F1E52D2B7CDC300058F767 = {
			isa = PBXGroup;
			children = (
				52F1E5382B7CDC300058F767 /* bebrave */,
				52F1E54F2B7CDC330058F767 /* bebraveTests */,
				52F1E5592B7CDC330058F767 /* bebraveUITests */,
				52F1E5372B7CDC300058F767 /* Products */,
			);
			sourceTree = "<group>";
		};
		52F1E5372B7CDC300058F767 /* Products */ = {
			isa = PBXGroup;
			children = (
				52F1E5362B7CDC300058F767 /* bebrave.app */,
				52F1E54C2B7CDC330058F767 /* bebraveTests.xctest */,
				52F1E5562B7CDC330058F767 /* bebraveUITests.xctest */,
			);
			name = Products;
			sourceTree = "<group>";
		};
		52F1E5382B7CDC300058F767 /* bebrave */ = {
			isa = PBXGroup;
			children = (
				52F1E5392B7CDC300058F767 /* AppDelegate.swift */,
				52F1E53B2B7CDC300058F767 /* SceneDelegate.swift */,
				52F1E53D2B7CDC300058F767 /* TabBarViewController.swift */,
				52F1E5692B7CE6330058F767 /* HabitsViewController.swift */,
				5246C9752BC6C39D00BA7912 /* HabitsCollectionViewCell.swift */,
				52F1E56B2B7CE6B10058F767 /* DiaryViewController.swift */,
				52F1E56D2B7CE6D10058F767 /* ProfileViewController.swift */,
				5241DDD12B8F61F000C7ECF0 /* HistoryViewConroller.swift */,
				52021A762BAC3D2000E9D8F1 /* OutlineBackgroundView.swift */,
				52F1E5422B7CDC330058F767 /* Assets.xcassets */,
				52F1E5442B7CDC330058F767 /* LaunchScreen.storyboard */,
				52F1E5472B7CDC330058F767 /* Info.plist */,
			);
			path = bebrave;
			sourceTree = "<group>";
		};
		52F1E54F2B7CDC330058F767 /* bebraveTests */ = {
			isa = PBXGroup;
			children = (
				52F1E5502B7CDC330058F767 /* bebraveTests.swift */,
			);
			path = bebraveTests;
			sourceTree = "<group>";
		};
		52F1E5592B7CDC330058F767 /* bebraveUITests */ = {
			isa = PBXGroup;
			children = (
				52F1E55A2B7CDC330058F767 /* bebraveUITests.swift */,
				52F1E55C2B7CDC330058F767 /* bebraveUITestsLaunchTests.swift */,
			);
			path = bebraveUITests;
			sourceTree = "<group>";
		};
/* End PBXGroup section */

/* Begin PBXNativeTarget section */
		52F1E5352B7CDC300058F767 /* bebrave */ = {
			isa = PBXNativeTarget;
			buildConfigurationList = 52F1E5602B7CDC330058F767 /* Build configuration list for PBXNativeTarget "bebrave" */;
			buildPhases = (
				52F1E5322B7CDC300058F767 /* Sources */,
				52F1E5332B7CDC300058F767 /* Frameworks */,
				52F1E5342B7CDC300058F767 /* Resources */,
			);
			buildRules = (
			);
			dependencies = (
			);
			name = bebrave;
			productName = bebrave;
			productReference = 52F1E5362B7CDC300058F767 /* bebrave.app */;
			productType = "com.apple.product-type.application";
		};
		52F1E54B2B7CDC330058F767 /* bebraveTests */ = {
			isa = PBXNativeTarget;
			buildConfigurationList = 52F1E5632B7CDC330058F767 /* Build configuration list for PBXNativeTarget "bebraveTests" */;
			buildPhases = (
				52F1E5482B7CDC330058F767 /* Sources */,
				52F1E5492B7CDC330058F767 /* Frameworks */,
				52F1E54A2B7CDC330058F767 /* Resources */,
			);
			buildRules = (
			);
			dependencies = (
				52F1E54E2B7CDC330058F767 /* PBXTargetDependency */,
			);
			name = bebraveTests;
			productName = bebraveTests;
			productReference = 52F1E54C2B7CDC330058F767 /* bebraveTests.xctest */;
			productType = "com.apple.product-type.bundle.unit-test";
		};
		52F1E5552B7CDC330058F767 /* bebraveUITests */ = {
			isa = PBXNativeTarget;
			buildConfigurationList = 52F1E5662B7CDC330058F767 /* Build configuration list for PBXNativeTarget "bebraveUITests" */;
			buildPhases = (
				52F1E5522B7CDC330058F767 /* Sources */,
				52F1E5532B7CDC330058F767 /* Frameworks */,
				52F1E5542B7CDC330058F767 /* Resources */,
			);
			buildRules = (
			);
			dependencies = (
				52F1E5582B7CDC330058F767 /* PBXTargetDependency */,
			);
			name = bebraveUITests;
			productName = bebraveUITests;
			productReference = 52F1E5562B7CDC330058F767 /* bebraveUITests.xctest */;
			productType = "com.apple.product-type.bundle.ui-testing";
		};
/* End PBXNativeTarget section */

/* Begin PBXProject section */
		52F1E52E2B7CDC300058F767 /* Project object */ = {
			isa = PBXProject;
			attributes = {
				BuildIndependentTargetsInParallel = 1;
				LastSwiftUpdateCheck = 1430;
				LastUpgradeCheck = 1430;
				TargetAttributes = {
					52F1E5352B7CDC300058F767 = {
						CreatedOnToolsVersion = 14.3.1;
					};
					52F1E54B2B7CDC330058F767 = {
						CreatedOnToolsVersion = 14.3.1;
						TestTargetID = 52F1E5352B7CDC300058F767;
					};
					52F1E5552B7CDC330058F767 = {
						CreatedOnToolsVersion = 14.3.1;
						TestTargetID = 52F1E5352B7CDC300058F767;
					};
				};
			};
			buildConfigurationList = 52F1E5312B7CDC300058F767 /* Build configuration list for PBXProject "bebrave" */;
			compatibilityVersion = "Xcode 14.0";
			developmentRegion = ru;
			hasScannedForEncodings = 0;
			knownRegions = (
				Base,
				ru,
			);
			mainGroup = 52F1E52D2B7CDC300058F767;
			productRefGroup = 52F1E5372B7CDC300058F767 /* Products */;
			projectDirPath = "";
			projectRoot = "";
			targets = (
				52F1E5352B7CDC300058F767 /* bebrave */,
				52F1E54B2B7CDC330058F767 /* bebraveTests */,
				52F1E5552B7CDC330058F767 /* bebraveUITests */,
			);
		};
/* End PBXProject section */

/* Begin PBXResourcesBuildPhase section */
		52F1E5342B7CDC300058F767 /* Resources */ = {
			isa = PBXResourcesBuildPhase;
			buildActionMask = 2147483647;
			files = (
				52F1E5462B7CDC330058F767 /* LaunchScreen.storyboard in Resources */,
				52F1E5432B7CDC330058F767 /* Assets.xcassets in Resources */,
			);
			runOnlyForDeploymentPostprocessing = 0;
		};
		52F1E54A2B7CDC330058F767 /* Resources */ = {
			isa = PBXResourcesBuildPhase;
			buildActionMask = 2147483647;
			files = (
			);
			runOnlyForDeploymentPostprocessing = 0;
		};
		52F1E5542B7CDC330058F767 /* Resources */ = {
			isa = PBXResourcesBuildPhase;
			buildActionMask = 2147483647;
			files = (
			);
			runOnlyForDeploymentPostprocessing = 0;
		};
/* End PBXResourcesBuildPhase section */

/* Begin PBXSourcesBuildPhase section */
		52F1E5322B7CDC300058F767 /* Sources */ = {
			isa = PBXSourcesBuildPhase;
			buildActionMask = 2147483647;
			files = (
				52F1E53E2B7CDC300058F767 /* TabBarViewController.swift in Sources */,
				52021A772BAC3D2000E9D8F1 /* OutlineBackgroundView.swift in Sources */,
				5241DDD22B8F61F000C7ECF0 /* HistoryViewConroller.swift in Sources */,
				5246C9762BC6C39D00BA7912 /* HabitsCollectionViewCell.swift in Sources */,
				52F1E56C2B7CE6B10058F767 /* DiaryViewController.swift in Sources */,
				52F1E53A2B7CDC300058F767 /* AppDelegate.swift in Sources */,
				52F1E53C2B7CDC300058F767 /* SceneDelegate.swift in Sources */,
				52F1E56A2B7CE6330058F767 /* HabitsViewController.swift in Sources */,
				52F1E56E2B7CE6D10058F767 /* ProfileViewController.swift in Sources */,
			);
			runOnlyForDeploymentPostprocessing = 0;
		};
		52F1E5482B7CDC330058F767 /* Sources */ = {
			isa = PBXSourcesBuildPhase;
			buildActionMask = 2147483647;
			files = (
				52F1E5512B7CDC330058F767 /* bebraveTests.swift in Sources */,
			);
			runOnlyForDeploymentPostprocessing = 0;
		};
		52F1E5522B7CDC330058F767 /* Sources */ = {
			isa = PBXSourcesBuildPhase;
			buildActionMask = 2147483647;
			files = (
				52F1E55D2B7CDC330058F767 /* bebraveUITestsLaunchTests.swift in Sources */,
				52F1E55B2B7CDC330058F767 /* bebraveUITests.swift in Sources */,
			);
			runOnlyForDeploymentPostprocessing = 0;
		};
/* End PBXSourcesBuildPhase section */

/* Begin PBXTargetDependency section */
		52F1E54E2B7CDC330058F767 /* PBXTargetDependency */ = {
			isa = PBXTargetDependency;
			target = 52F1E5352B7CDC300058F767 /* bebrave */;
			targetProxy = 52F1E54D2B7CDC330058F767 /* PBXContainerItemProxy */;
		};
		52F1E5582B7CDC330058F767 /* PBXTargetDependency */ = {
			isa = PBXTargetDependency;
			target = 52F1E5352B7CDC300058F767 /* bebrave */;
			targetProxy = 52F1E5572B7CDC330058F767 /* PBXContainerItemProxy */;
		};
/* End PBXTargetDependency section */

/* Begin PBXVariantGroup section */
		52F1E5442B7CDC330058F767 /* LaunchScreen.storyboard */ = {
			isa = PBXVariantGroup;
			children = (
				52F1E5452B7CDC330058F767 /* Base */,
				521584B02BA320FC009F1B5A /* ru */,
			);
			name = LaunchScreen.storyboard;
			sourceTree = "<group>";
		};
/* End PBXVariantGroup section */

/* Begin XCBuildConfiguration section */
		52F1E55E2B7CDC330058F767 /* Debug */ = {
			isa = XCBuildConfiguration;
			buildSettings = {
				ALWAYS_SEARCH_USER_PATHS = NO;
				CLANG_ANALYZER_LOCALIZABILITY_NONLOCALIZED = YES;
				CLANG_ANALYZER_NONNULL = YES;
				CLANG_ANALYZER_NUMBER_OBJECT_CONVERSION = YES_AGGRESSIVE;
				CLANG_CXX_LANGUAGE_STANDARD = "gnu++20";
				CLANG_ENABLE_MODULES = YES;
				CLANG_ENABLE_OBJC_ARC = YES;
				CLANG_ENABLE_OBJC_WEAK = YES;
				CLANG_WARN_BLOCK_CAPTURE_AUTORELEASING = YES;
				CLANG_WARN_BOOL_CONVERSION = YES;
				CLANG_WARN_COMMA = YES;
				CLANG_WARN_CONSTANT_CONVERSION = YES;
				CLANG_WARN_DEPRECATED_OBJC_IMPLEMENTATIONS = YES;
				CLANG_WARN_DIRECT_OBJC_ISA_USAGE = YES_ERROR;
				CLANG_WARN_DOCUMENTATION_COMMENTS = YES;
				CLANG_WARN_EMPTY_BODY = YES;
				CLANG_WARN_ENUM_CONVERSION = YES;
				CLANG_WARN_INFINITE_RECURSION = YES;
				CLANG_WARN_INT_CONVERSION = YES;
				CLANG_WARN_NON_LITERAL_NULL_CONVERSION = YES;
				CLANG_WARN_OBJC_IMPLICIT_RETAIN_SELF = YES;
				CLANG_WARN_OBJC_LITERAL_CONVERSION = YES;
				CLANG_WARN_OBJC_ROOT_CLASS = YES_ERROR;
				CLANG_WARN_QUOTED_INCLUDE_IN_FRAMEWORK_HEADER = YES;
				CLANG_WARN_RANGE_LOOP_ANALYSIS = YES;
				CLANG_WARN_STRICT_PROTOTYPES = YES;
				CLANG_WARN_SUSPICIOUS_MOVE = YES;
				CLANG_WARN_UNGUARDED_AVAILABILITY = YES_AGGRESSIVE;
				CLANG_WARN_UNREACHABLE_CODE = YES;
				CLANG_WARN__DUPLICATE_METHOD_MATCH = YES;
				COPY_PHASE_STRIP = NO;
				DEBUG_INFORMATION_FORMAT = dwarf;
				ENABLE_STRICT_OBJC_MSGSEND = YES;
				ENABLE_TESTABILITY = YES;
				GCC_C_LANGUAGE_STANDARD = gnu11;
				GCC_DYNAMIC_NO_PIC = NO;
				GCC_NO_COMMON_BLOCKS = YES;
				GCC_OPTIMIZATION_LEVEL = 0;
				GCC_PREPROCESSOR_DEFINITIONS = (
					"DEBUG=1",
					"$(inherited)",
				);
				GCC_WARN_64_TO_32_BIT_CONVERSION = YES;
				GCC_WARN_ABOUT_RETURN_TYPE = YES_ERROR;
				GCC_WARN_UNDECLARED_SELECTOR = YES;
				GCC_WARN_UNINITIALIZED_AUTOS = YES_AGGRESSIVE;
				GCC_WARN_UNUSED_FUNCTION = YES;
				GCC_WARN_UNUSED_VARIABLE = YES;
				IPHONEOS_DEPLOYMENT_TARGET = 16.4;
				MTL_ENABLE_DEBUG_INFO = INCLUDE_SOURCE;
				MTL_FAST_MATH = YES;
				ONLY_ACTIVE_ARCH = YES;
				SDKROOT = iphoneos;
				SWIFT_ACTIVE_COMPILATION_CONDITIONS = DEBUG;
				SWIFT_OPTIMIZATION_LEVEL = "-Onone";
			};
			name = Debug;
		};
		52F1E55F2B7CDC330058F767 /* Release */ = {
			isa = XCBuildConfiguration;
			buildSettings = {
				ALWAYS_SEARCH_USER_PATHS = NO;
				CLANG_ANALYZER_LOCALIZABILITY_NONLOCALIZED = YES;
				CLANG_ANALYZER_NONNULL = YES;
				CLANG_ANALYZER_NUMBER_OBJECT_CONVERSION = YES_AGGRESSIVE;
				CLANG_CXX_LANGUAGE_STANDARD = "gnu++20";
				CLANG_ENABLE_MODULES = YES;
				CLANG_ENABLE_OBJC_ARC = YES;
				CLANG_ENABLE_OBJC_WEAK = YES;
				CLANG_WARN_BLOCK_CAPTURE_AUTORELEASING = YES;
				CLANG_WARN_BOOL_CONVERSION = YES;
				CLANG_WARN_COMMA = YES;
				CLANG_WARN_CONSTANT_CONVERSION = YES;
				CLANG_WARN_DEPRECATED_OBJC_IMPLEMENTATIONS = YES;
				CLANG_WARN_DIRECT_OBJC_ISA_USAGE = YES_ERROR;
				CLANG_WARN_DOCUMENTATION_COMMENTS = YES;
				CLANG_WARN_EMPTY_BODY = YES;
				CLANG_WARN_ENUM_CONVERSION = YES;
				CLANG_WARN_INFINITE_RECURSION = YES;
				CLANG_WARN_INT_CONVERSION = YES;
				CLANG_WARN_NON_LITERAL_NULL_CONVERSION = YES;
				CLANG_WARN_OBJC_IMPLICIT_RETAIN_SELF = YES;
				CLANG_WARN_OBJC_LITERAL_CONVERSION = YES;
				CLANG_WARN_OBJC_ROOT_CLASS = YES_ERROR;
				CLANG_WARN_QUOTED_INCLUDE_IN_FRAMEWORK_HEADER = YES;
				CLANG_WARN_RANGE_LOOP_ANALYSIS = YES;
				CLANG_WARN_STRICT_PROTOTYPES = YES;
				CLANG_WARN_SUSPICIOUS_MOVE = YES;
				CLANG_WARN_UNGUARDED_AVAILABILITY = YES_AGGRESSIVE;
				CLANG_WARN_UNREACHABLE_CODE = YES;
				CLANG_WARN__DUPLICATE_METHOD_MATCH = YES;
				COPY_PHASE_STRIP = NO;
				DEBUG_INFORMATION_FORMAT = "dwarf-with-dsym";
				ENABLE_NS_ASSERTIONS = NO;
				ENABLE_STRICT_OBJC_MSGSEND = YES;
				GCC_C_LANGUAGE_STANDARD = gnu11;
				GCC_NO_COMMON_BLOCKS = YES;
				GCC_WARN_64_TO_32_BIT_CONVERSION = YES;
				GCC_WARN_ABOUT_RETURN_TYPE = YES_ERROR;
				GCC_WARN_UNDECLARED_SELECTOR = YES;
				GCC_WARN_UNINITIALIZED_AUTOS = YES_AGGRESSIVE;
				GCC_WARN_UNUSED_FUNCTION = YES;
				GCC_WARN_UNUSED_VARIABLE = YES;
				IPHONEOS_DEPLOYMENT_TARGET = 16.4;
				MTL_ENABLE_DEBUG_INFO = NO;
				MTL_FAST_MATH = YES;
				SDKROOT = iphoneos;
				SWIFT_COMPILATION_MODE = wholemodule;
				SWIFT_OPTIMIZATION_LEVEL = "-O";
				VALIDATE_PRODUCT = YES;
			};
			name = Release;
		};
		52F1E5612B7CDC330058F767 /* Debug */ = {
			isa = XCBuildConfiguration;
			buildSettings = {
				ASSETCATALOG_COMPILER_APPICON_NAME = AppIcon;
				ASSETCATALOG_COMPILER_GLOBAL_ACCENT_COLOR_NAME = AccentColor;
				CODE_SIGN_STYLE = Automatic;
				CURRENT_PROJECT_VERSION = 1;
				DEVELOPMENT_TEAM = 6WBT5SBFY4;
				GENERATE_INFOPLIST_FILE = YES;
				INFOPLIST_FILE = bebrave/Info.plist;
				INFOPLIST_KEY_UIApplicationSupportsIndirectInputEvents = YES;
				INFOPLIST_KEY_UILaunchStoryboardName = LaunchScreen;
				INFOPLIST_KEY_UISupportedInterfaceOrientations_iPad = "UIInterfaceOrientationPortrait UIInterfaceOrientationPortraitUpsideDown UIInterfaceOrientationLandscapeLeft UIInterfaceOrientationLandscapeRight";
				INFOPLIST_KEY_UISupportedInterfaceOrientations_iPhone = "UIInterfaceOrientationPortrait UIInterfaceOrientationLandscapeLeft UIInterfaceOrientationLandscapeRight";
				LD_RUNPATH_SEARCH_PATHS = (
					"$(inherited)",
					"@executable_path/Frameworks",
				);
				MARKETING_VERSION = 1.0;
				PRODUCT_BUNDLE_IDENTIFIER = com.anastasiiatiutinova.bebrave;
				PRODUCT_NAME = "$(TARGET_NAME)";
				SWIFT_EMIT_LOC_STRINGS = YES;
				SWIFT_VERSION = 5.0;
				TARGETED_DEVICE_FAMILY = "1,2";
			};
			name = Debug;
		};
		52F1E5622B7CDC330058F767 /* Release */ = {
			isa = XCBuildConfiguration;
			buildSettings = {
				ASSETCATALOG_COMPILER_APPICON_NAME = AppIcon;
				ASSETCATALOG_COMPILER_GLOBAL_ACCENT_COLOR_NAME = AccentColor;
				CODE_SIGN_STYLE = Automatic;
				CURRENT_PROJECT_VERSION = 1;
				DEVELOPMENT_TEAM = 6WBT5SBFY4;
				GENERATE_INFOPLIST_FILE = YES;
				INFOPLIST_FILE = bebrave/Info.plist;
				INFOPLIST_KEY_UIApplicationSupportsIndirectInputEvents = YES;
				INFOPLIST_KEY_UILaunchStoryboardName = LaunchScreen;
				INFOPLIST_KEY_UISupportedInterfaceOrientations_iPad = "UIInterfaceOrientationPortrait UIInterfaceOrientationPortraitUpsideDown UIInterfaceOrientationLandscapeLeft UIInterfaceOrientationLandscapeRight";
				INFOPLIST_KEY_UISupportedInterfaceOrientations_iPhone = "UIInterfaceOrientationPortrait UIInterfaceOrientationLandscapeLeft UIInterfaceOrientationLandscapeRight";
				LD_RUNPATH_SEARCH_PATHS = (
					"$(inherited)",
					"@executable_path/Frameworks",
				);
				MARKETING_VERSION = 1.0;
				PRODUCT_BUNDLE_IDENTIFIER = com.anastasiiatiutinova.bebrave;
				PRODUCT_NAME = "$(TARGET_NAME)";
				SWIFT_EMIT_LOC_STRINGS = YES;
				SWIFT_VERSION = 5.0;
				TARGETED_DEVICE_FAMILY = "1,2";
			};
			name = Release;
		};
		52F1E5642B7CDC330058F767 /* Debug */ = {
			isa = XCBuildConfiguration;
			buildSettings = {
				ALWAYS_EMBED_SWIFT_STANDARD_LIBRARIES = YES;
				BUNDLE_LOADER = "$(TEST_HOST)";
				CODE_SIGN_STYLE = Automatic;
				CURRENT_PROJECT_VERSION = 1;
				DEVELOPMENT_TEAM = 6WBT5SBFY4;
				GENERATE_INFOPLIST_FILE = YES;
				IPHONEOS_DEPLOYMENT_TARGET = 16.4;
				MARKETING_VERSION = 1.0;
				PRODUCT_BUNDLE_IDENTIFIER = com.anastasiiatiutinova.bebraveTests;
				PRODUCT_NAME = "$(TARGET_NAME)";
				SWIFT_EMIT_LOC_STRINGS = NO;
				SWIFT_VERSION = 5.0;
				TARGETED_DEVICE_FAMILY = "1,2";
				TEST_HOST = "$(BUILT_PRODUCTS_DIR)/bebrave.app/$(BUNDLE_EXECUTABLE_FOLDER_PATH)/bebrave";
			};
			name = Debug;
		};
		52F1E5652B7CDC330058F767 /* Release */ = {
			isa = XCBuildConfiguration;
			buildSettings = {
				ALWAYS_EMBED_SWIFT_STANDARD_LIBRARIES = YES;
				BUNDLE_LOADER = "$(TEST_HOST)";
				CODE_SIGN_STYLE = Automatic;
				CURRENT_PROJECT_VERSION = 1;
				DEVELOPMENT_TEAM = 6WBT5SBFY4;
				GENERATE_INFOPLIST_FILE = YES;
				IPHONEOS_DEPLOYMENT_TARGET = 16.4;
				MARKETING_VERSION = 1.0;
				PRODUCT_BUNDLE_IDENTIFIER = com.anastasiiatiutinova.bebraveTests;
				PRODUCT_NAME = "$(TARGET_NAME)";
				SWIFT_EMIT_LOC_STRINGS = NO;
				SWIFT_VERSION = 5.0;
				TARGETED_DEVICE_FAMILY = "1,2";
				TEST_HOST = "$(BUILT_PRODUCTS_DIR)/bebrave.app/$(BUNDLE_EXECUTABLE_FOLDER_PATH)/bebrave";
			};
			name = Release;
		};
		52F1E5672B7CDC330058F767 /* Debug */ = {
			isa = XCBuildConfiguration;
			buildSettings = {
				ALWAYS_EMBED_SWIFT_STANDARD_LIBRARIES = YES;
				CODE_SIGN_STYLE = Automatic;
				CURRENT_PROJECT_VERSION = 1;
				DEVELOPMENT_TEAM = 6WBT5SBFY4;
				GENERATE_INFOPLIST_FILE = YES;
				MARKETING_VERSION = 1.0;
				PRODUCT_BUNDLE_IDENTIFIER = com.anastasiiatiutinova.bebraveUITests;
				PRODUCT_NAME = "$(TARGET_NAME)";
				SWIFT_EMIT_LOC_STRINGS = NO;
				SWIFT_VERSION = 5.0;
				TARGETED_DEVICE_FAMILY = "1,2";
				TEST_TARGET_NAME = bebrave;
			};
			name = Debug;
		};
		52F1E5682B7CDC330058F767 /* Release */ = {
			isa = XCBuildConfiguration;
			buildSettings = {
				ALWAYS_EMBED_SWIFT_STANDARD_LIBRARIES = YES;
				CODE_SIGN_STYLE = Automatic;
				CURRENT_PROJECT_VERSION = 1;
				DEVELOPMENT_TEAM = 6WBT5SBFY4;
				GENERATE_INFOPLIST_FILE = YES;
				MARKETING_VERSION = 1.0;
				PRODUCT_BUNDLE_IDENTIFIER = com.anastasiiatiutinova.bebraveUITests;
				PRODUCT_NAME = "$(TARGET_NAME)";
				SWIFT_EMIT_LOC_STRINGS = NO;
				SWIFT_VERSION = 5.0;
				TARGETED_DEVICE_FAMILY = "1,2";
				TEST_TARGET_NAME = bebrave;
			};
			name = Release;
		};
/* End XCBuildConfiguration section */

/* Begin XCConfigurationList section */
		52F1E5312B7CDC300058F767 /* Build configuration list for PBXProject "bebrave" */ = {
			isa = XCConfigurationList;
			buildConfigurations = (
				52F1E55E2B7CDC330058F767 /* Debug */,
				52F1E55F2B7CDC330058F767 /* Release */,
			);
			defaultConfigurationIsVisible = 0;
			defaultConfigurationName = Release;
		};
		52F1E5602B7CDC330058F767 /* Build configuration list for PBXNativeTarget "bebrave" */ = {
			isa = XCConfigurationList;
			buildConfigurations = (
				52F1E5612B7CDC330058F767 /* Debug */,
				52F1E5622B7CDC330058F767 /* Release */,
			);
			defaultConfigurationIsVisible = 0;
			defaultConfigurationName = Release;
		};
		52F1E5632B7CDC330058F767 /* Build configuration list for PBXNativeTarget "bebraveTests" */ = {
			isa = XCConfigurationList;
			buildConfigurations = (
				52F1E5642B7CDC330058F767 /* Debug */,
				52F1E5652B7CDC330058F767 /* Release */,
			);
			defaultConfigurationIsVisible = 0;
			defaultConfigurationName = Release;
		};
		52F1E5662B7CDC330058F767 /* Build configuration list for PBXNativeTarget "bebraveUITests" */ = {
			isa = XCConfigurationList;
			buildConfigurations = (
				52F1E5672B7CDC330058F767 /* Debug */,
				52F1E5682B7CDC330058F767 /* Release */,
			);
			defaultConfigurationIsVisible = 0;
			defaultConfigurationName = Release;
		};
/* End XCConfigurationList section */
	};
	rootObject = 52F1E52E2B7CDC300058F767 /* Project object */;
}
